
Microsoft Visual Studio Solution File, Format Version 12.00
# Visual Studio 15
Project("{FAE04EC0-301F-11D3-BF4B-00C04F79EFBC}") = "Unity.Polybrush.Editor", "Unity.Polybrush.Editor.csproj", "{F1E1AAB7-4123-5514-0B26-22C39CAC95CD}"
EndProject
Project("{FAE04EC0-301F-11D3-BF4B-00C04F79EFBC}") = "Unity.Timeline", "Unity.Timeline.csproj", "{37FD1A5A-E617-2FEB-F985-A49E96CD19BB}"
EndProject
Project("{FAE04EC0-301F-11D3-BF4B-00C04F79EFBC}") = "Unity.TerrainTools.Editor", "Unity.TerrainTools.Editor.csproj", "{50C6EDAE-0A6F-D170-2F58-F14B7695676B}"
EndProject
Project("{FAE04EC0-301F-11D3-BF4B-00C04F79EFBC}") = "Unity.InputSystem", "Unity.InputSystem.csproj", "{E8346CAB-F237-3496-E49C-57561AD5F452}"
EndProject
Project("{FAE04EC0-301F-11D3-BF4B-00C04F79EFBC}") = "Unity.2D.Aseprite.Editor", "Unity.2D.Aseprite.Editor.csproj", "{ADE5E4FF-5160-4ECD-8C84-591873AED7CC}"
EndProject
Project("{FAE04EC0-301F-11D3-BF4B-00C04F79EFBC}") = "Unity.VisualScripting.Flow", "Unity.VisualScripting.Flow.csproj", "{A58B9936-6E91-13B2-F90B-A1C93AFF0C6C}"
EndProject
Project("{FAE04EC0-301F-11D3-BF4B-00C04F79EFBC}") = "Unity.ProBuilder", "Unity.ProBuilder.csproj", "{5ADBC08C-E330-A93A-684F-828849E47E50}"
EndProject
Project("{FAE04EC0-301F-11D3-BF4B-00C04F79EFBC}") = "Unity.Timeline.Editor", "Unity.Timeline.Editor.csproj", "{1B8406FD-F120-61D1-9302-C34F409DBBCD}"
EndProject
Project("{FAE04EC0-301F-11D3-BF4B-00C04F79EFBC}") = "Unity.PlasticSCM.Editor", "Unity.PlasticSCM.Editor.csproj", "{4C07F6C4-2FB4-A94A-032C-8180E50D8023}"
EndProject
Project("{FAE04EC0-301F-11D3-BF4B-00C04F79EFBC}") = "Unity.Mathematics", "Unity.Mathematics.csproj", "{9DCB8743-6CCB-FB5E-EC36-6C47612A1070}"
EndProject
Project("{FAE04EC0-301F-11D3-BF4B-00C04F79EFBC}") = "Unity.2D.Common.Path.Editor", "Unity.2D.Common.Path.Editor.csproj", "{E9CBD331-092F-AF2D-BD99-EC52BEF3C59E}"
EndProject
Project("{FAE04EC0-301F-11D3-BF4B-00C04F79EFBC}") = "Assembly-CSharp", "Assembly-CSharp.csproj", "{5E560542-B06A-3DD7-5F68-B8276E2BDC6B}"
EndProject
Project("{FAE04EC0-301F-11D3-BF4B-00C04F79EFBC}") = "Unity.2D.Psdimporter.Editor", "Unity.2D.Psdimporter.Editor.csproj", "{A3C0C774-5630-379B-5A59-F1593E3D265B}"
EndProject
Project("{FAE04EC0-301F-11D3-BF4B-00C04F79EFBC}") = "Unity.VisualScripting.Core.Editor", "Unity.VisualScripting.Core.Editor.csproj", "{EAA0B980-F851-BFCD-8F2B-8CDDC3A7E643}"
EndProject
Project("{FAE04EC0-301F-11D3-BF4B-00C04F79EFBC}") = "Unity.2D.IK.Runtime", "Unity.2D.IK.Runtime.csproj", "{7E13457A-825C-1A0F-D47D-6FCA613E02A5}"
EndProject
Project("{FAE04EC0-301F-11D3-BF4B-00C04F79EFBC}") = "UnityEditor.TestRunner", "UnityEditor.TestRunner.csproj", "{4A4587ED-D4DF-9A5C-A0ED-D361964D5D83}"
EndProject
Project("{FAE04EC0-301F-11D3-BF4B-00C04F79EFBC}") = "Unity.ProBuilder.Poly2Tri", "Unity.ProBuilder.Poly2Tri.csproj", "{4886B786-9EE7-9979-FCA4-B698AFE9CB5B}"
EndProject
Project("{FAE04EC0-301F-11D3-BF4B-00C04F79EFBC}") = "Unity.Polybrush", "Unity.Polybrush.csproj", "{D596F234-599B-0A26-3102-9607EA05C6DE}"
EndProject
Project("{FAE04EC0-301F-11D3-BF4B-00C04F79EFBC}") = "Unity.TextMeshPro.Editor", "Unity.TextMeshPro.Editor.csproj", "{BFDCC546-CCE4-C2AC-F070-D36639827314}"
EndProject
Project("{FAE04EC0-301F-11D3-BF4B-00C04F79EFBC}") = "Unity.VisualScripting.Flow.Editor", "Unity.VisualScripting.Flow.Editor.csproj", "{4A544228-A30C-6303-D87D-0565D49EEDCF}"
EndProject
Project("{FAE04EC0-301F-11D3-BF4B-00C04F79EFBC}") = "UnityEngine.TestRunner", "UnityEngine.TestRunner.csproj", "{BF082552-04A4-DF8F-9652-656D6D5AE1D6}"
EndProject
Project("{FAE04EC0-301F-11D3-BF4B-00C04F79EFBC}") = "Unity.VisualScripting.Core", "Unity.VisualScripting.Core.csproj", "{F057920D-DDF1-FE95-AF3A-FC69C1A17074}"
EndProject
Project("{FAE04EC0-301F-11D3-BF4B-00C04F79EFBC}") = "Unity.Searcher.Editor", "Unity.Searcher.Editor.csproj", "{856337E1-66F0-3B98-15DA-86729997BEC7}"
EndProject
Project("{FAE04EC0-301F-11D3-BF4B-00C04F79EFBC}") = "Unity.Burst", "Unity.Burst.csproj", "{DAE47D25-23F7-C6EF-DCF7-E28B0003B46D}"
EndProject
Project("{FAE04EC0-301F-11D3-BF4B-00C04F79EFBC}") = "PsdPlugin", "PsdPlugin.csproj", "{D914CD84-6DEC-4D35-216E-95EBCCAA85AB}"
EndProject
Project("{FAE04EC0-301F-11D3-BF4B-00C04F79EFBC}") = "Autodesk.Fbx", "Autodesk.Fbx.csproj", "{4C50FDD9-66BE-A583-0A71-6EFB27CA5079}"
EndProject
Project("{FAE04EC0-301F-11D3-BF4B-00C04F79EFBC}") = "Unity.ProBuilder.Csg", "Unity.ProBuilder.Csg.csproj", "{C0F46043-37DF-3D9B-E784-ED4E69EBF3C8}"
EndProject
Project("{FAE04EC0-301F-11D3-BF4B-00C04F79EFBC}") = "Unity.Animation.Rigging", "Unity.Animation.Rigging.csproj", "{91FD565E-0F9C-AB18-3DA1-31AEBD85F09B}"
EndProject
Project("{FAE04EC0-301F-11D3-BF4B-00C04F79EFBC}") = "Unity.Collections", "Unity.Collections.csproj", "{AB79040E-A387-7E56-A143-953566210F0D}"
EndProject
Project("{FAE04EC0-301F-11D3-BF4B-00C04F79EFBC}") = "Cinemachine", "Cinemachine.csproj", "{BAAB63B8-ED76-F675-8149-B95F7E84B114}"
EndProject
Project("{FAE04EC0-301F-11D3-BF4B-00C04F79EFBC}") = "Unity.2D.Animation.Editor", "Unity.2D.Animation.Editor.csproj", "{4719FDEE-932F-2144-6352-9FFAEEB7EA64}"
EndProject
Project("{FAE04EC0-301F-11D3-BF4B-00C04F79EFBC}") = "Unity.2D.SpriteShape.Editor", "Unity.2D.SpriteShape.Editor.csproj", "{44711153-2433-8233-1EFC-059836154A7C}"
EndProject
Project("{FAE04EC0-301F-11D3-BF4B-00C04F79EFBC}") = "Unity.VisualStudio.Editor", "Unity.VisualStudio.Editor.csproj", "{E6125B67-3658-27AC-9632-1EED8616130B}"
EndProject
Project("{FAE04EC0-301F-11D3-BF4B-00C04F79EFBC}") = "Unity.Animation.Rigging.Editor", "Unity.Animation.Rigging.Editor.csproj", "{54EC15B9-503D-95E1-E431-84F4FFA31098}"
EndProject
Project("{FAE04EC0-301F-11D3-BF4B-00C04F79EFBC}") = "Unity.TestTools.CodeCoverage.Editor.OpenCover.Model", "Unity.TestTools.CodeCoverage.Editor.OpenCover.Model.csproj", "{90702925-E0F3-06E5-6849-9710146AAE61}"
EndProject
Project("{FAE04EC0-301F-11D3-BF4B-00C04F79EFBC}") = "Unity.Rider.Editor", "Unity.Rider.Editor.csproj", "{5272845C-822F-A738-8799-16DFA680C5F4}"
EndProject
Project("{FAE04EC0-301F-11D3-BF4B-00C04F79EFBC}") = "Unity.InternalAPIEditorBridge.001", "Unity.InternalAPIEditorBridge.001.csproj", "{1F4061A5-C75C-1EFB-915E-931DAE2A8CD1}"
EndProject
Project("{FAE04EC0-301F-11D3-BF4B-00C04F79EFBC}") = "Unity.ProBuilder.Editor", "Unity.ProBuilder.Editor.csproj", "{427CAB1B-3CA9-CFD8-285C-CA883702D303}"
EndProject
Project("{FAE04EC0-301F-11D3-BF4B-00C04F79EFBC}") = "Unity.2D.SpriteShape.Runtime", "Unity.2D.SpriteShape.Runtime.csproj", "{E88DE410-C2F2-93C3-52FF-29959C00672C}"
EndProject
Project("{FAE04EC0-301F-11D3-BF4B-00C04F79EFBC}") = "Unity.VisualScripting.State.Editor", "Unity.VisualScripting.State.Editor.csproj", "{6F2C078F-F214-A15D-BDA0-D334DE1D1076}"
EndProject
Project("{FAE04EC0-301F-11D3-BF4B-00C04F79EFBC}") = "com.unity.cinemachine.editor", "com.unity.cinemachine.editor.csproj", "{2F5679B8-C085-38F0-8DCA-96B9238A2034}"
EndProject
Project("{FAE04EC0-301F-11D3-BF4B-00C04F79EFBC}") = "Unity.TestTools.CodeCoverage.Editor", "Unity.TestTools.CodeCoverage.Editor.csproj", "{F9EB97C4-684E-9976-971F-2298A8A84C17}"
EndProject
Project("{FAE04EC0-301F-11D3-BF4B-00C04F79EFBC}") = "Unity.Burst.CodeGen", "Unity.Burst.CodeGen.csproj", "{9EB79EB7-863C-9D76-7B24-33A61A6A0F5D}"
EndProject
Project("{FAE04EC0-301F-11D3-BF4B-00C04F79EFBC}") = "Unity.Postprocessing.Runtime", "Unity.Postprocessing.Runtime.csproj", "{FCD018F4-385C-8C28-7EB9-5DFD52BD7255}"
EndProject
Project("{FAE04EC0-301F-11D3-BF4B-00C04F79EFBC}") = "Unity.Postprocessing.Editor", "Unity.Postprocessing.Editor.csproj", "{FEFFE2E4-0C42-F143-2023-B0E22D3CFF6C}"
EndProject
Project("{FAE04EC0-301F-11D3-BF4B-00C04F79EFBC}") = "Unity.VisualScripting.State", "Unity.VisualScripting.State.csproj", "{485F27F7-27F4-D4AC-DA59-5C72F569E50C}"
EndProject
Project("{FAE04EC0-301F-11D3-BF4B-00C04F79EFBC}") = "Unity.Formats.Fbx.Runtime", "Unity.Formats.Fbx.Runtime.csproj", "{FC97A524-9F66-70D1-7E34-806D3559FE20}"
EndProject
Project("{FAE04EC0-301F-11D3-BF4B-00C04F79EFBC}") = "Unity.TextMeshPro", "Unity.TextMeshPro.csproj", "{4D49BCC0-605D-17D8-6B45-C5D17F0FE10F}"
EndProject
Project("{FAE04EC0-301F-11D3-BF4B-00C04F79EFBC}") = "Unity.Performance.Profile-Analyzer.Editor", "Unity.Performance.Profile-Analyzer.Editor.csproj", "{EA77242E-CA34-4B3B-F8E4-71359F6A648E}"
EndProject
Project("{FAE04EC0-301F-11D3-BF4B-00C04F79EFBC}") = "Unity.2D.Tilemap.Extras.Editor", "Unity.2D.Tilemap.Extras.Editor.csproj", "{416580B3-0B37-1B89-6676-8C55951AFC12}"
EndProject
Project("{FAE04EC0-301F-11D3-BF4B-00C04F79EFBC}") = "Unity.2D.Animation.Runtime", "Unity.2D.Animation.Runtime.csproj", "{76935B35-1CD3-F804-7168-AA5A5B2C5EF8}"
EndProject
Project("{FAE04EC0-301F-11D3-BF4B-00C04F79EFBC}") = "Unity.VisualScripting.SettingsProvider.Editor", "Unity.VisualScripting.SettingsProvider.Editor.csproj", "{0DF68B2E-A53C-8784-A698-81EF05801764}"
EndProject
Project("{FAE04EC0-301F-11D3-BF4B-00C04F79EFBC}") = "Unity.VSCode.Editor", "Unity.VSCode.Editor.csproj", "{3D191B5A-9E84-33B8-1BB8-5CE69163BDD9}"
EndProject
Project("{FAE04EC0-301F-11D3-BF4B-00C04F79EFBC}") = "Unity.2D.IK.Editor", "Unity.2D.IK.Editor.csproj", "{4288609D-A793-85F1-A8A4-A6113A1CB731}"
EndProject
Project("{FAE04EC0-301F-11D3-BF4B-00C04F79EFBC}") = "Unity.InternalAPIEngineBridge.001", "Unity.InternalAPIEngineBridge.001.csproj", "{738B6D70-6EC9-DD43-E8C4-951A097B4C05}"
EndProject
Project("{FAE04EC0-301F-11D3-BF4B-00C04F79EFBC}") = "Unity.2D.Aseprite.Common", "Unity.2D.Aseprite.Common.csproj", "{3F49F906-655E-3B8F-0BCF-87878B82A71D}"
EndProject
Project("{FAE04EC0-301F-11D3-BF4B-00C04F79EFBC}") = "Unity.Burst.Editor", "Unity.Burst.Editor.csproj", "{5E91156B-72CD-EA70-3E4E-253CE47EF06F}"
EndProject
Project("{FAE04EC0-301F-11D3-BF4B-00C04F79EFBC}") = "Unity.TestTools.CodeCoverage.Editor.OpenCover.Mono.Reflection", "Unity.TestTools.CodeCoverage.Editor.OpenCover.Mono.Reflection.csproj", "{19E6D3B4-8C70-F9FD-9419-ED3702C9A6DE}"
EndProject
Project("{FAE04EC0-301F-11D3-BF4B-00C04F79EFBC}") = "Unity.2D.Common.Editor", "Unity.2D.Common.Editor.csproj", "{DCFD609E-1A6D-6293-B70B-97BCEA8DCEB2}"
EndProject
Project("{FAE04EC0-301F-11D3-BF4B-00C04F79EFBC}") = "Unity.Formats.Fbx.Editor", "Unity.Formats.Fbx.Editor.csproj", "{4A9CD194-8573-F10E-CA04-5F590B1BD1C7}"
EndProject
Project("{FAE04EC0-301F-11D3-BF4B-00C04F79EFBC}") = "Unity.ProBuilder.Stl", "Unity.ProBuilder.Stl.csproj", "{DB0179B2-2DE9-4403-EB11-CE5B15193FA2}"
EndProject
Project("{FAE04EC0-301F-11D3-BF4B-00C04F79EFBC}") = "Unity.Settings.Editor", "Unity.Settings.Editor.csproj", "{01B57B67-0DB0-BF0C-F2D6-7530179F4AE7}"
EndProject
Project("{FAE04EC0-301F-11D3-BF4B-00C04F79EFBC}") = "Unity.2D.PixelPerfect", "Unity.2D.PixelPerfect.csproj", "{1608622D-577A-95C1-4293-02A9A7CDC7BD}"
EndProject
Project("{FAE04EC0-301F-11D3-BF4B-00C04F79EFBC}") = "Unity.2D.PixelPerfect.Editor", "Unity.2D.PixelPerfect.Editor.csproj", "{EAD8B791-B5AC-09D1-BF50-171B5EE9D0A1}"
EndProject
Project("{FAE04EC0-301F-11D3-BF4B-00C04F79EFBC}") = "Unity.2D.Common.Runtime", "Unity.2D.Common.Runtime.csproj", "{3559DFF2-8C83-D91B-DE5D-DC00EE58B359}"
EndProject
Project("{FAE04EC0-301F-11D3-BF4B-00C04F79EFBC}") = "Unity.ProBuilder.KdTree", "Unity.ProBuilder.KdTree.csproj", "{C00EA494-5FE2-6851-7266-76F5C32A994E}"
EndProject
Project("{FAE04EC0-301F-11D3-BF4B-00C04F79EFBC}") = "Unity.ProBuilder.AddOns.Editor", "Unity.ProBuilder.AddOns.Editor.csproj", "{73E6924C-D16B-AA7B-3406-167B9BD5D528}"
EndProject
Project("{FAE04EC0-301F-11D3-BF4B-00C04F79EFBC}") = "Unity.InputSystem.ForUI", "Unity.InputSystem.ForUI.csproj", "{532758F7-443C-458F-9C29-73AED3A7E5EE}"
EndProject
Project("{FAE04EC0-301F-11D3-BF4B-00C04F79EFBC}") = "Unity.Mathematics.Editor", "Unity.Mathematics.Editor.csproj", "{E351CC60-A435-30EE-80FA-42109BC32987}"
EndProject
Project("{FAE04EC0-301F-11D3-BF4B-00C04F79EFBC}") = "Unity.2D.Tilemap.Extras", "Unity.2D.Tilemap.Extras.csproj", "{30591A1E-0F6B-6E26-7C61-4C07B0F2C30D}"
EndProject
Project("{FAE04EC0-301F-11D3-BF4B-00C04F79EFBC}") = "Unity.ProBuilder.AssetIdRemapUtility", "Unity.ProBuilder.AssetIdRemapUtility.csproj", "{27045489-B708-8B7A-7CFB-00BBBCE57297}"
EndProject
Project("{FAE04EC0-301F-11D3-BF4B-00C04F79EFBC}") = "Unity.InputSystem.TestFramework", "Unity.InputSystem.TestFramework.csproj", "{4D1A64C2-332C-D0D2-AC31-19C945A90C8F}"
EndProject
Project("{FAE04EC0-301F-11D3-BF4B-00C04F79EFBC}") = "Unity.InternalAPIEditorBridge.005", "Unity.InternalAPIEditorBridge.005.csproj", "{1EBE76DC-2A00-5AF1-19D4-291B74C65F0B}"
EndProject
Project("{FAE04EC0-301F-11D3-BF4B-00C04F79EFBC}") = "Unity.VisualScripting.Shared.Editor", "Unity.VisualScripting.Shared.Editor.csproj", "{95D3272A-7D0A-EF43-AE89-6FED6586D73F}"
EndProject
Project("{FAE04EC0-301F-11D3-BF4B-00C04F79EFBC}") = "Unity.EditorCoroutines.Editor", "Unity.EditorCoroutines.Editor.csproj", "{CA395DF7-39C7-7385-8CBA-38648D060074}"
EndProject
Project("{FAE04EC0-301F-11D3-BF4B-00C04F79EFBC}") = "Unity.Animation.Rigging.DocCodeExamples", "Unity.Animation.Rigging.DocCodeExamples.csproj", "{5D50A971-746D-56DE-F993-F54D11693D28}"
EndProject
Project("{FAE04EC0-301F-11D3-BF4B-00C04F79EFBC}") = "Autodesk.Fbx.Editor", "Autodesk.Fbx.Editor.csproj", "{F1BE59FD-FEDD-5F0D-2DE0-297471C1E8F0}"
EndProject
Project("{FAE04EC0-301F-11D3-BF4B-00C04F79EFBC}") = "Unity.Collections.DocCodeSamples", "Unity.Collections.DocCodeSamples.csproj", "{3D9DEC1C-81B2-6ACA-E9ED-A10381EE4253}"
EndProject
Project("{FAE04EC0-301F-11D3-BF4B-00C04F79EFBC}") = "Unity.TerrainTools", "Unity.TerrainTools.csproj", "{5929A32B-4123-6611-9DD1-F5C8313B7446}"
EndProject
Project("{FAE04EC0-301F-11D3-BF4B-00C04F79EFBC}") = "Unity.Collections.BurstCompatibilityGen", "Unity.Collections.BurstCompatibilityGen.csproj", "{AB2B19FC-F221-7F18-E832-6E839CEF3FE9}"
EndProject
Project("{FAE04EC0-301F-11D3-BF4B-00C04F79EFBC}") = "Unity.CollabProxy.Editor", "Unity.CollabProxy.Editor.csproj", "{F03AEBBE-621B-F73B-0559-DC5556C800B7}"
EndProject
Project("{FAE04EC0-301F-11D3-BF4B-00C04F79EFBC}") = "FbxBuildTestAssets", "FbxBuildTestAssets.csproj", "{67F6567B-335D-C7D6-29AA-64F0E870807B}"
EndProject
Global
	GlobalSection(SolutionConfigurationPlatforms) = preSolution
		Debug|Any CPU = Debug|Any CPU
		Release|Any CPU = Release|Any CPU
	EndGlobalSection
	GlobalSection(ProjectConfigurationPlatforms) = postSolution
		{F1E1AAB7-4123-5514-0B26-22C39CAC95CD}.Debug|Any CPU.ActiveCfg = Debug|Any CPU
		{F1E1AAB7-4123-5514-0B26-22C39CAC95CD}.Debug|Any CPU.Build.0 = Debug|Any CPU
		{F1E1AAB7-4123-5514-0B26-22C39CAC95CD}.Release|Any CPU.ActiveCfg = Release|Any CPU
		{F1E1AAB7-4123-5514-0B26-22C39CAC95CD}.Release|Any CPU.Build.0 = Release|Any CPU
		{37FD1A5A-E617-2FEB-F985-A49E96CD19BB}.Debug|Any CPU.ActiveCfg = Debug|Any CPU
		{37FD1A5A-E617-2FEB-F985-A49E96CD19BB}.Debug|Any CPU.Build.0 = Debug|Any CPU
		{37FD1A5A-E617-2FEB-F985-A49E96CD19BB}.Release|Any CPU.ActiveCfg = Release|Any CPU
		{37FD1A5A-E617-2FEB-F985-A49E96CD19BB}.Release|Any CPU.Build.0 = Release|Any CPU
		{50C6EDAE-0A6F-D170-2F58-F14B7695676B}.Debug|Any CPU.ActiveCfg = Debug|Any CPU
		{50C6EDAE-0A6F-D170-2F58-F14B7695676B}.Debug|Any CPU.Build.0 = Debug|Any CPU
		{50C6EDAE-0A6F-D170-2F58-F14B7695676B}.Release|Any CPU.ActiveCfg = Release|Any CPU
		{50C6EDAE-0A6F-D170-2F58-F14B7695676B}.Release|Any CPU.Build.0 = Release|Any CPU
		{E8346CAB-F237-3496-E49C-57561AD5F452}.Debug|Any CPU.ActiveCfg = Debug|Any CPU
		{E8346CAB-F237-3496-E49C-57561AD5F452}.Debug|Any CPU.Build.0 = Debug|Any CPU
		{E8346CAB-F237-3496-E49C-57561AD5F452}.Release|Any CPU.ActiveCfg = Release|Any CPU
		{E8346CAB-F237-3496-E49C-57561AD5F452}.Release|Any CPU.Build.0 = Release|Any CPU
		{ADE5E4FF-5160-4ECD-8C84-591873AED7CC}.Debug|Any CPU.ActiveCfg = Debug|Any CPU
		{ADE5E4FF-5160-4ECD-8C84-591873AED7CC}.Debug|Any CPU.Build.0 = Debug|Any CPU
		{ADE5E4FF-5160-4ECD-8C84-591873AED7CC}.Release|Any CPU.ActiveCfg = Release|Any CPU
		{ADE5E4FF-5160-4ECD-8C84-591873AED7CC}.Release|Any CPU.Build.0 = Release|Any CPU
		{A58B9936-6E91-13B2-F90B-A1C93AFF0C6C}.Debug|Any CPU.ActiveCfg = Debug|Any CPU
		{A58B9936-6E91-13B2-F90B-A1C93AFF0C6C}.Debug|Any CPU.Build.0 = Debug|Any CPU
		{A58B9936-6E91-13B2-F90B-A1C93AFF0C6C}.Release|Any CPU.ActiveCfg = Release|Any CPU
		{A58B9936-6E91-13B2-F90B-A1C93AFF0C6C}.Release|Any CPU.Build.0 = Release|Any CPU
		{5ADBC08C-E330-A93A-684F-828849E47E50}.Debug|Any CPU.ActiveCfg = Debug|Any CPU
		{5ADBC08C-E330-A93A-684F-828849E47E50}.Debug|Any CPU.Build.0 = Debug|Any CPU
		{5ADBC08C-E330-A93A-684F-828849E47E50}.Release|Any CPU.ActiveCfg = Release|Any CPU
		{5ADBC08C-E330-A93A-684F-828849E47E50}.Release|Any CPU.Build.0 = Release|Any CPU
		{1B8406FD-F120-61D1-9302-C34F409DBBCD}.Debug|Any CPU.ActiveCfg = Debug|Any CPU
		{1B8406FD-F120-61D1-9302-C34F409DBBCD}.Debug|Any CPU.Build.0 = Debug|Any CPU
		{1B8406FD-F120-61D1-9302-C34F409DBBCD}.Release|Any CPU.ActiveCfg = Release|Any CPU
		{1B8406FD-F120-61D1-9302-C34F409DBBCD}.Release|Any CPU.Build.0 = Release|Any CPU
		{4C07F6C4-2FB4-A94A-032C-8180E50D8023}.Debug|Any CPU.ActiveCfg = Debug|Any CPU
		{4C07F6C4-2FB4-A94A-032C-8180E50D8023}.Debug|Any CPU.Build.0 = Debug|Any CPU
		{4C07F6C4-2FB4-A94A-032C-8180E50D8023}.Release|Any CPU.ActiveCfg = Release|Any CPU
		{4C07F6C4-2FB4-A94A-032C-8180E50D8023}.Release|Any CPU.Build.0 = Release|Any CPU
		{9DCB8743-6CCB-FB5E-EC36-6C47612A1070}.Debug|Any CPU.ActiveCfg = Debug|Any CPU
		{9DCB8743-6CCB-FB5E-EC36-6C47612A1070}.Debug|Any CPU.Build.0 = Debug|Any CPU
		{9DCB8743-6CCB-FB5E-EC36-6C47612A1070}.Release|Any CPU.ActiveCfg = Release|Any CPU
		{9DCB8743-6CCB-FB5E-EC36-6C47612A1070}.Release|Any CPU.Build.0 = Release|Any CPU
		{E9CBD331-092F-AF2D-BD99-EC52BEF3C59E}.Debug|Any CPU.ActiveCfg = Debug|Any CPU
		{E9CBD331-092F-AF2D-BD99-EC52BEF3C59E}.Debug|Any CPU.Build.0 = Debug|Any CPU
		{E9CBD331-092F-AF2D-BD99-EC52BEF3C59E}.Release|Any CPU.ActiveCfg = Release|Any CPU
		{E9CBD331-092F-AF2D-BD99-EC52BEF3C59E}.Release|Any CPU.Build.0 = Release|Any CPU
		{5E560542-B06A-3DD7-5F68-B8276E2BDC6B}.Debug|Any CPU.ActiveCfg = Debug|Any CPU
		{5E560542-B06A-3DD7-5F68-B8276E2BDC6B}.Debug|Any CPU.Build.0 = Debug|Any CPU
		{5E560542-B06A-3DD7-5F68-B8276E2BDC6B}.Release|Any CPU.ActiveCfg = Release|Any CPU
		{5E560542-B06A-3DD7-5F68-B8276E2BDC6B}.Release|Any CPU.Build.0 = Release|Any CPU
		{A3C0C774-5630-379B-5A59-F1593E3D265B}.Debug|Any CPU.ActiveCfg = Debug|Any CPU
		{A3C0C774-5630-379B-5A59-F1593E3D265B}.Debug|Any CPU.Build.0 = Debug|Any CPU
		{A3C0C774-5630-379B-5A59-F1593E3D265B}.Release|Any CPU.ActiveCfg = Release|Any CPU
		{A3C0C774-5630-379B-5A59-F1593E3D265B}.Release|Any CPU.Build.0 = Release|Any CPU
		{EAA0B980-F851-BFCD-8F2B-8CDDC3A7E643}.Debug|Any CPU.ActiveCfg = Debug|Any CPU
		{EAA0B980-F851-BFCD-8F2B-8CDDC3A7E643}.Debug|Any CPU.Build.0 = Debug|Any CPU
		{EAA0B980-F851-BFCD-8F2B-8CDDC3A7E643}.Release|Any CPU.ActiveCfg = Release|Any CPU
		{EAA0B980-F851-BFCD-8F2B-8CDDC3A7E643}.Release|Any CPU.Build.0 = Release|Any CPU
		{7E13457A-825C-1A0F-D47D-6FCA613E02A5}.Debug|Any CPU.ActiveCfg = Debug|Any CPU
		{7E13457A-825C-1A0F-D47D-6FCA613E02A5}.Debug|Any CPU.Build.0 = Debug|Any CPU
		{7E13457A-825C-1A0F-D47D-6FCA613E02A5}.Release|Any CPU.ActiveCfg = Release|Any CPU
		{7E13457A-825C-1A0F-D47D-6FCA613E02A5}.Release|Any CPU.Build.0 = Release|Any CPU
		{4A4587ED-D4DF-9A5C-A0ED-D361964D5D83}.Debug|Any CPU.ActiveCfg = Debug|Any CPU
		{4A4587ED-D4DF-9A5C-A0ED-D361964D5D83}.Debug|Any CPU.Build.0 = Debug|Any CPU
		{4A4587ED-D4DF-9A5C-A0ED-D361964D5D83}.Release|Any CPU.ActiveCfg = Release|Any CPU
		{4A4587ED-D4DF-9A5C-A0ED-D361964D5D83}.Release|Any CPU.Build.0 = Release|Any CPU
		{4886B786-9EE7-9979-FCA4-B698AFE9CB5B}.Debug|Any CPU.ActiveCfg = Debug|Any CPU
		{4886B786-9EE7-9979-FCA4-B698AFE9CB5B}.Debug|Any CPU.Build.0 = Debug|Any CPU
		{4886B786-9EE7-9979-FCA4-B698AFE9CB5B}.Release|Any CPU.ActiveCfg = Release|Any CPU
		{4886B786-9EE7-9979-FCA4-B698AFE9CB5B}.Release|Any CPU.Build.0 = Release|Any CPU
		{D596F234-599B-0A26-3102-9607EA05C6DE}.Debug|Any CPU.ActiveCfg = Debug|Any CPU
		{D596F234-599B-0A26-3102-9607EA05C6DE}.Debug|Any CPU.Build.0 = Debug|Any CPU
		{D596F234-599B-0A26-3102-9607EA05C6DE}.Release|Any CPU.ActiveCfg = Release|Any CPU
		{D596F234-599B-0A26-3102-9607EA05C6DE}.Release|Any CPU.Build.0 = Release|Any CPU
		{BFDCC546-CCE4-C2AC-F070-D36639827314}.Debug|Any CPU.ActiveCfg = Debug|Any CPU
		{BFDCC546-CCE4-C2AC-F070-D36639827314}.Debug|Any CPU.Build.0 = Debug|Any CPU
		{BFDCC546-CCE4-C2AC-F070-D36639827314}.Release|Any CPU.ActiveCfg = Release|Any CPU
		{BFDCC546-CCE4-C2AC-F070-D36639827314}.Release|Any CPU.Build.0 = Release|Any CPU
		{4A544228-A30C-6303-D87D-0565D49EEDCF}.Debug|Any CPU.ActiveCfg = Debug|Any CPU
		{4A544228-A30C-6303-D87D-0565D49EEDCF}.Debug|Any CPU.Build.0 = Debug|Any CPU
		{4A544228-A30C-6303-D87D-0565D49EEDCF}.Release|Any CPU.ActiveCfg = Release|Any CPU
		{4A544228-A30C-6303-D87D-0565D49EEDCF}.Release|Any CPU.Build.0 = Release|Any CPU
		{BF082552-04A4-DF8F-9652-656D6D5AE1D6}.Debug|Any CPU.ActiveCfg = Debug|Any CPU
		{BF082552-04A4-DF8F-9652-656D6D5AE1D6}.Debug|Any CPU.Build.0 = Debug|Any CPU
		{BF082552-04A4-DF8F-9652-656D6D5AE1D6}.Release|Any CPU.ActiveCfg = Release|Any CPU
		{BF082552-04A4-DF8F-9652-656D6D5AE1D6}.Release|Any CPU.Build.0 = Release|Any CPU
		{F057920D-DDF1-FE95-AF3A-FC69C1A17074}.Debug|Any CPU.ActiveCfg = Debug|Any CPU
		{F057920D-DDF1-FE95-AF3A-FC69C1A17074}.Debug|Any CPU.Build.0 = Debug|Any CPU
		{F057920D-DDF1-FE95-AF3A-FC69C1A17074}.Release|Any CPU.ActiveCfg = Release|Any CPU
		{F057920D-DDF1-FE95-AF3A-FC69C1A17074}.Release|Any CPU.Build.0 = Release|Any CPU
		{856337E1-66F0-3B98-15DA-86729997BEC7}.Debug|Any CPU.ActiveCfg = Debug|Any CPU
		{856337E1-66F0-3B98-15DA-86729997BEC7}.Debug|Any CPU.Build.0 = Debug|Any CPU
		{856337E1-66F0-3B98-15DA-86729997BEC7}.Release|Any CPU.ActiveCfg = Release|Any CPU
		{856337E1-66F0-3B98-15DA-86729997BEC7}.Release|Any CPU.Build.0 = Release|Any CPU
		{DAE47D25-23F7-C6EF-DCF7-E28B0003B46D}.Debug|Any CPU.ActiveCfg = Debug|Any CPU
		{DAE47D25-23F7-C6EF-DCF7-E28B0003B46D}.Debug|Any CPU.Build.0 = Debug|Any CPU
		{DAE47D25-23F7-C6EF-DCF7-E28B0003B46D}.Release|Any CPU.ActiveCfg = Release|Any CPU
		{DAE47D25-23F7-C6EF-DCF7-E28B0003B46D}.Release|Any CPU.Build.0 = Release|Any CPU
		{D914CD84-6DEC-4D35-216E-95EBCCAA85AB}.Debug|Any CPU.ActiveCfg = Debug|Any CPU
		{D914CD84-6DEC-4D35-216E-95EBCCAA85AB}.Debug|Any CPU.Build.0 = Debug|Any CPU
		{D914CD84-6DEC-4D35-216E-95EBCCAA85AB}.Release|Any CPU.ActiveCfg = Release|Any CPU
		{D914CD84-6DEC-4D35-216E-95EBCCAA85AB}.Release|Any CPU.Build.0 = Release|Any CPU
		{4C50FDD9-66BE-A583-0A71-6EFB27CA5079}.Debug|Any CPU.ActiveCfg = Debug|Any CPU
		{4C50FDD9-66BE-A583-0A71-6EFB27CA5079}.Debug|Any CPU.Build.0 = Debug|Any CPU
		{4C50FDD9-66BE-A583-0A71-6EFB27CA5079}.Release|Any CPU.ActiveCfg = Release|Any CPU
		{4C50FDD9-66BE-A583-0A71-6EFB27CA5079}.Release|Any CPU.Build.0 = Release|Any CPU
		{C0F46043-37DF-3D9B-E784-ED4E69EBF3C8}.Debug|Any CPU.ActiveCfg = Debug|Any CPU
		{C0F46043-37DF-3D9B-E784-ED4E69EBF3C8}.Debug|Any CPU.Build.0 = Debug|Any CPU
		{C0F46043-37DF-3D9B-E784-ED4E69EBF3C8}.Release|Any CPU.ActiveCfg = Release|Any CPU
		{C0F46043-37DF-3D9B-E784-ED4E69EBF3C8}.Release|Any CPU.Build.0 = Release|Any CPU
		{91FD565E-0F9C-AB18-3DA1-31AEBD85F09B}.Debug|Any CPU.ActiveCfg = Debug|Any CPU
		{91FD565E-0F9C-AB18-3DA1-31AEBD85F09B}.Debug|Any CPU.Build.0 = Debug|Any CPU
		{91FD565E-0F9C-AB18-3DA1-31AEBD85F09B}.Release|Any CPU.ActiveCfg = Release|Any CPU
		{91FD565E-0F9C-AB18-3DA1-31AEBD85F09B}.Release|Any CPU.Build.0 = Release|Any CPU
		{AB79040E-A387-7E56-A143-953566210F0D}.Debug|Any CPU.ActiveCfg = Debug|Any CPU
		{AB79040E-A387-7E56-A143-953566210F0D}.Debug|Any CPU.Build.0 = Debug|Any CPU
		{AB79040E-A387-7E56-A143-953566210F0D}.Release|Any CPU.ActiveCfg = Release|Any CPU
		{AB79040E-A387-7E56-A143-953566210F0D}.Release|Any CPU.Build.0 = Release|Any CPU
		{BAAB63B8-ED76-F675-8149-B95F7E84B114}.Debug|Any CPU.ActiveCfg = Debug|Any CPU
		{BAAB63B8-ED76-F675-8149-B95F7E84B114}.Debug|Any CPU.Build.0 = Debug|Any CPU
		{BAAB63B8-ED76-F675-8149-B95F7E84B114}.Release|Any CPU.ActiveCfg = Release|Any CPU
		{BAAB63B8-ED76-F675-8149-B95F7E84B114}.Release|Any CPU.Build.0 = Release|Any CPU
		{4719FDEE-932F-2144-6352-9FFAEEB7EA64}.Debug|Any CPU.ActiveCfg = Debug|Any CPU
		{4719FDEE-932F-2144-6352-9FFAEEB7EA64}.Debug|Any CPU.Build.0 = Debug|Any CPU
		{4719FDEE-932F-2144-6352-9FFAEEB7EA64}.Release|Any CPU.ActiveCfg = Release|Any CPU
		{4719FDEE-932F-2144-6352-9FFAEEB7EA64}.Release|Any CPU.Build.0 = Release|Any CPU
		{44711153-2433-8233-1EFC-059836154A7C}.Debug|Any CPU.ActiveCfg = Debug|Any CPU
		{44711153-2433-8233-1EFC-059836154A7C}.Debug|Any CPU.Build.0 = Debug|Any CPU
		{44711153-2433-8233-1EFC-059836154A7C}.Release|Any CPU.ActiveCfg = Release|Any CPU
		{44711153-2433-8233-1EFC-059836154A7C}.Release|Any CPU.Build.0 = Release|Any CPU
		{E6125B67-3658-27AC-9632-1EED8616130B}.Debug|Any CPU.ActiveCfg = Debug|Any CPU
		{E6125B67-3658-27AC-9632-1EED8616130B}.Debug|Any CPU.Build.0 = Debug|Any CPU
		{E6125B67-3658-27AC-9632-1EED8616130B}.Release|Any CPU.ActiveCfg = Release|Any CPU
		{E6125B67-3658-27AC-9632-1EED8616130B}.Release|Any CPU.Build.0 = Release|Any CPU
		{54EC15B9-503D-95E1-E431-84F4FFA31098}.Debug|Any CPU.ActiveCfg = Debug|Any CPU
		{54EC15B9-503D-95E1-E431-84F4FFA31098}.Debug|Any CPU.Build.0 = Debug|Any CPU
		{54EC15B9-503D-95E1-E431-84F4FFA31098}.Release|Any CPU.ActiveCfg = Release|Any CPU
		{54EC15B9-503D-95E1-E431-84F4FFA31098}.Release|Any CPU.Build.0 = Release|Any CPU
		{90702925-E0F3-06E5-6849-9710146AAE61}.Debug|Any CPU.ActiveCfg = Debug|Any CPU
		{90702925-E0F3-06E5-6849-9710146AAE61}.Debug|Any CPU.Build.0 = Debug|Any CPU
		{90702925-E0F3-06E5-6849-9710146AAE61}.Release|Any CPU.ActiveCfg = Release|Any CPU
		{90702925-E0F3-06E5-6849-9710146AAE61}.Release|Any CPU.Build.0 = Release|Any CPU
		{5272845C-822F-A738-8799-16DFA680C5F4}.Debug|Any CPU.ActiveCfg = Debug|Any CPU
		{5272845C-822F-A738-8799-16DFA680C5F4}.Debug|Any CPU.Build.0 = Debug|Any CPU
		{5272845C-822F-A738-8799-16DFA680C5F4}.Release|Any CPU.ActiveCfg = Release|Any CPU
		{5272845C-822F-A738-8799-16DFA680C5F4}.Release|Any CPU.Build.0 = Release|Any CPU
		{1F4061A5-C75C-1EFB-915E-931DAE2A8CD1}.Debug|Any CPU.ActiveCfg = Debug|Any CPU
		{1F4061A5-C75C-1EFB-915E-931DAE2A8CD1}.Debug|Any CPU.Build.0 = Debug|Any CPU
		{1F4061A5-C75C-1EFB-915E-931DAE2A8CD1}.Release|Any CPU.ActiveCfg = Release|Any CPU
		{1F4061A5-C75C-1EFB-915E-931DAE2A8CD1}.Release|Any CPU.Build.0 = Release|Any CPU
		{427CAB1B-3CA9-CFD8-285C-CA883702D303}.Debug|Any CPU.ActiveCfg = Debug|Any CPU
		{427CAB1B-3CA9-CFD8-285C-CA883702D303}.Debug|Any CPU.Build.0 = Debug|Any CPU
		{427CAB1B-3CA9-CFD8-285C-CA883702D303}.Release|Any CPU.ActiveCfg = Release|Any CPU
		{427CAB1B-3CA9-CFD8-285C-CA883702D303}.Release|Any CPU.Build.0 = Release|Any CPU
		{E88DE410-C2F2-93C3-52FF-29959C00672C}.Debug|Any CPU.ActiveCfg = Debug|Any CPU
		{E88DE410-C2F2-93C3-52FF-29959C00672C}.Debug|Any CPU.Build.0 = Debug|Any CPU
		{E88DE410-C2F2-93C3-52FF-29959C00672C}.Release|Any CPU.ActiveCfg = Release|Any CPU
		{E88DE410-C2F2-93C3-52FF-29959C00672C}.Release|Any CPU.Build.0 = Release|Any CPU
		{6F2C078F-F214-A15D-BDA0-D334DE1D1076}.Debug|Any CPU.ActiveCfg = Debug|Any CPU
		{6F2C078F-F214-A15D-BDA0-D334DE1D1076}.Debug|Any CPU.Build.0 = Debug|Any CPU
		{6F2C078F-F214-A15D-BDA0-D334DE1D1076}.Release|Any CPU.ActiveCfg = Release|Any CPU
		{6F2C078F-F214-A15D-BDA0-D334DE1D1076}.Release|Any CPU.Build.0 = Release|Any CPU
		{2F5679B8-C085-38F0-8DCA-96B9238A2034}.Debug|Any CPU.ActiveCfg = Debug|Any CPU
		{2F5679B8-C085-38F0-8DCA-96B9238A2034}.Debug|Any CPU.Build.0 = Debug|Any CPU
		{2F5679B8-C085-38F0-8DCA-96B9238A2034}.Release|Any CPU.ActiveCfg = Release|Any CPU
		{2F5679B8-C085-38F0-8DCA-96B9238A2034}.Release|Any CPU.Build.0 = Release|Any CPU
		{F9EB97C4-684E-9976-971F-2298A8A84C17}.Debug|Any CPU.ActiveCfg = Debug|Any CPU
		{F9EB97C4-684E-9976-971F-2298A8A84C17}.Debug|Any CPU.Build.0 = Debug|Any CPU
		{F9EB97C4-684E-9976-971F-2298A8A84C17}.Release|Any CPU.ActiveCfg = Release|Any CPU
		{F9EB97C4-684E-9976-971F-2298A8A84C17}.Release|Any CPU.Build.0 = Release|Any CPU
		{9EB79EB7-863C-9D76-7B24-33A61A6A0F5D}.Debug|Any CPU.ActiveCfg = Debug|Any CPU
		{9EB79EB7-863C-9D76-7B24-33A61A6A0F5D}.Debug|Any CPU.Build.0 = Debug|Any CPU
		{9EB79EB7-863C-9D76-7B24-33A61A6A0F5D}.Release|Any CPU.ActiveCfg = Release|Any CPU
		{9EB79EB7-863C-9D76-7B24-33A61A6A0F5D}.Release|Any CPU.Build.0 = Release|Any CPU
		{FCD018F4-385C-8C28-7EB9-5DFD52BD7255}.Debug|Any CPU.ActiveCfg = Debug|Any CPU
		{FCD018F4-385C-8C28-7EB9-5DFD52BD7255}.Debug|Any CPU.Build.0 = Debug|Any CPU
		{FCD018F4-385C-8C28-7EB9-5DFD52BD7255}.Release|Any CPU.ActiveCfg = Release|Any CPU
		{FCD018F4-385C-8C28-7EB9-5DFD52BD7255}.Release|Any CPU.Build.0 = Release|Any CPU
		{FEFFE2E4-0C42-F143-2023-B0E22D3CFF6C}.Debug|Any CPU.ActiveCfg = Debug|Any CPU
		{FEFFE2E4-0C42-F143-2023-B0E22D3CFF6C}.Debug|Any CPU.Build.0 = Debug|Any CPU
		{FEFFE2E4-0C42-F143-2023-B0E22D3CFF6C}.Release|Any CPU.ActiveCfg = Release|Any CPU
		{FEFFE2E4-0C42-F143-2023-B0E22D3CFF6C}.Release|Any CPU.Build.0 = Release|Any CPU
		{485F27F7-27F4-D4AC-DA59-5C72F569E50C}.Debug|Any CPU.ActiveCfg = Debug|Any CPU
		{485F27F7-27F4-D4AC-DA59-5C72F569E50C}.Debug|Any CPU.Build.0 = Debug|Any CPU
		{485F27F7-27F4-D4AC-DA59-5C72F569E50C}.Release|Any CPU.ActiveCfg = Release|Any CPU
		{485F27F7-27F4-D4AC-DA59-5C72F569E50C}.Release|Any CPU.Build.0 = Release|Any CPU
		{FC97A524-9F66-70D1-7E34-806D3559FE20}.Debug|Any CPU.ActiveCfg = Debug|Any CPU
		{FC97A524-9F66-70D1-7E34-806D3559FE20}.Debug|Any CPU.Build.0 = Debug|Any CPU
		{FC97A524-9F66-70D1-7E34-806D3559FE20}.Release|Any CPU.ActiveCfg = Release|Any CPU
		{FC97A524-9F66-70D1-7E34-806D3559FE20}.Release|Any CPU.Build.0 = Release|Any CPU
		{4D49BCC0-605D-17D8-6B45-C5D17F0FE10F}.Debug|Any CPU.ActiveCfg = Debug|Any CPU
		{4D49BCC0-605D-17D8-6B45-C5D17F0FE10F}.Debug|Any CPU.Build.0 = Debug|Any CPU
		{4D49BCC0-605D-17D8-6B45-C5D17F0FE10F}.Release|Any CPU.ActiveCfg = Release|Any CPU
		{4D49BCC0-605D-17D8-6B45-C5D17F0FE10F}.Release|Any CPU.Build.0 = Release|Any CPU
		{EA77242E-CA34-4B3B-F8E4-71359F6A648E}.Debug|Any CPU.ActiveCfg = Debug|Any CPU
		{EA77242E-CA34-4B3B-F8E4-71359F6A648E}.Debug|Any CPU.Build.0 = Debug|Any CPU
		{EA77242E-CA34-4B3B-F8E4-71359F6A648E}.Release|Any CPU.ActiveCfg = Release|Any CPU
		{EA77242E-CA34-4B3B-F8E4-71359F6A648E}.Release|Any CPU.Build.0 = Release|Any CPU
		{416580B3-0B37-1B89-6676-8C55951AFC12}.Debug|Any CPU.ActiveCfg = Debug|Any CPU
		{416580B3-0B37-1B89-6676-8C55951AFC12}.Debug|Any CPU.Build.0 = Debug|Any CPU
		{416580B3-0B37-1B89-6676-8C55951AFC12}.Release|Any CPU.ActiveCfg = Release|Any CPU
		{416580B3-0B37-1B89-6676-8C55951AFC12}.Release|Any CPU.Build.0 = Release|Any CPU
		{76935B35-1CD3-F804-7168-AA5A5B2C5EF8}.Debug|Any CPU.ActiveCfg = Debug|Any CPU
		{76935B35-1CD3-F804-7168-AA5A5B2C5EF8}.Debug|Any CPU.Build.0 = Debug|Any CPU
		{76935B35-1CD3-F804-7168-AA5A5B2C5EF8}.Release|Any CPU.ActiveCfg = Release|Any CPU
		{76935B35-1CD3-F804-7168-AA5A5B2C5EF8}.Release|Any CPU.Build.0 = Release|Any CPU
		{0DF68B2E-A53C-8784-A698-81EF05801764}.Debug|Any CPU.ActiveCfg = Debug|Any CPU
		{0DF68B2E-A53C-8784-A698-81EF05801764}.Debug|Any CPU.Build.0 = Debug|Any CPU
		{0DF68B2E-A53C-8784-A698-81EF05801764}.Release|Any CPU.ActiveCfg = Release|Any CPU
		{0DF68B2E-A53C-8784-A698-81EF05801764}.Release|Any CPU.Build.0 = Release|Any CPU
		{3D191B5A-9E84-33B8-1BB8-5CE69163BDD9}.Debug|Any CPU.ActiveCfg = Debug|Any CPU
		{3D191B5A-9E84-33B8-1BB8-5CE69163BDD9}.Debug|Any CPU.Build.0 = Debug|Any CPU
		{3D191B5A-9E84-33B8-1BB8-5CE69163BDD9}.Release|Any CPU.ActiveCfg = Release|Any CPU
		{3D191B5A-9E84-33B8-1BB8-5CE69163BDD9}.Release|Any CPU.Build.0 = Release|Any CPU
		{4288609D-A793-85F1-A8A4-A6113A1CB731}.Debug|Any CPU.ActiveCfg = Debug|Any CPU
		{4288609D-A793-85F1-A8A4-A6113A1CB731}.Debug|Any CPU.Build.0 = Debug|Any CPU
		{4288609D-A793-85F1-A8A4-A6113A1CB731}.Release|Any CPU.ActiveCfg = Release|Any CPU
		{4288609D-A793-85F1-A8A4-A6113A1CB731}.Release|Any CPU.Build.0 = Release|Any CPU
		{738B6D70-6EC9-DD43-E8C4-951A097B4C05}.Debug|Any CPU.ActiveCfg = Debug|Any CPU
		{738B6D70-6EC9-DD43-E8C4-951A097B4C05}.Debug|Any CPU.Build.0 = Debug|Any CPU
		{738B6D70-6EC9-DD43-E8C4-951A097B4C05}.Release|Any CPU.ActiveCfg = Release|Any CPU
		{738B6D70-6EC9-DD43-E8C4-951A097B4C05}.Release|Any CPU.Build.0 = Release|Any CPU
		{3F49F906-655E-3B8F-0BCF-87878B82A71D}.Debug|Any CPU.ActiveCfg = Debug|Any CPU
		{3F49F906-655E-3B8F-0BCF-87878B82A71D}.Debug|Any CPU.Build.0 = Debug|Any CPU
		{3F49F906-655E-3B8F-0BCF-87878B82A71D}.Release|Any CPU.ActiveCfg = Release|Any CPU
		{3F49F906-655E-3B8F-0BCF-87878B82A71D}.Release|Any CPU.Build.0 = Release|Any CPU
		{5E91156B-72CD-EA70-3E4E-253CE47EF06F}.Debug|Any CPU.ActiveCfg = Debug|Any CPU
		{5E91156B-72CD-EA70-3E4E-253CE47EF06F}.Debug|Any CPU.Build.0 = Debug|Any CPU
		{5E91156B-72CD-EA70-3E4E-253CE47EF06F}.Release|Any CPU.ActiveCfg = Release|Any CPU
		{5E91156B-72CD-EA70-3E4E-253CE47EF06F}.Release|Any CPU.Build.0 = Release|Any CPU
		{19E6D3B4-8C70-F9FD-9419-ED3702C9A6DE}.Debug|Any CPU.ActiveCfg = Debug|Any CPU
		{19E6D3B4-8C70-F9FD-9419-ED3702C9A6DE}.Debug|Any CPU.Build.0 = Debug|Any CPU
		{19E6D3B4-8C70-F9FD-9419-ED3702C9A6DE}.Release|Any CPU.ActiveCfg = Release|Any CPU
		{19E6D3B4-8C70-F9FD-9419-ED3702C9A6DE}.Release|Any CPU.Build.0 = Release|Any CPU
		{DCFD609E-1A6D-6293-B70B-97BCEA8DCEB2}.Debug|Any CPU.ActiveCfg = Debug|Any CPU
		{DCFD609E-1A6D-6293-B70B-97BCEA8DCEB2}.Debug|Any CPU.Build.0 = Debug|Any CPU
		{DCFD609E-1A6D-6293-B70B-97BCEA8DCEB2}.Release|Any CPU.ActiveCfg = Release|Any CPU
		{DCFD609E-1A6D-6293-B70B-97BCEA8DCEB2}.Release|Any CPU.Build.0 = Release|Any CPU
		{4A9CD194-8573-F10E-CA04-5F590B1BD1C7}.Debug|Any CPU.ActiveCfg = Debug|Any CPU
		{4A9CD194-8573-F10E-CA04-5F590B1BD1C7}.Debug|Any CPU.Build.0 = Debug|Any CPU
		{4A9CD194-8573-F10E-CA04-5F590B1BD1C7}.Release|Any CPU.ActiveCfg = Release|Any CPU
		{4A9CD194-8573-F10E-CA04-5F590B1BD1C7}.Release|Any CPU.Build.0 = Release|Any CPU
		{DB0179B2-2DE9-4403-EB11-CE5B15193FA2}.Debug|Any CPU.ActiveCfg = Debug|Any CPU
		{DB0179B2-2DE9-4403-EB11-CE5B15193FA2}.Debug|Any CPU.Build.0 = Debug|Any CPU
		{DB0179B2-2DE9-4403-EB11-CE5B15193FA2}.Release|Any CPU.ActiveCfg = Release|Any CPU
		{DB0179B2-2DE9-4403-EB11-CE5B15193FA2}.Release|Any CPU.Build.0 = Release|Any CPU
		{01B57B67-0DB0-BF0C-F2D6-7530179F4AE7}.Debug|Any CPU.ActiveCfg = Debug|Any CPU
		{01B57B67-0DB0-BF0C-F2D6-7530179F4AE7}.Debug|Any CPU.Build.0 = Debug|Any CPU
		{01B57B67-0DB0-BF0C-F2D6-7530179F4AE7}.Release|Any CPU.ActiveCfg = Release|Any CPU
		{01B57B67-0DB0-BF0C-F2D6-7530179F4AE7}.Release|Any CPU.Build.0 = Release|Any CPU
		{1608622D-577A-95C1-4293-02A9A7CDC7BD}.Debug|Any CPU.ActiveCfg = Debug|Any CPU
		{1608622D-577A-95C1-4293-02A9A7CDC7BD}.Debug|Any CPU.Build.0 = Debug|Any CPU
		{1608622D-577A-95C1-4293-02A9A7CDC7BD}.Release|Any CPU.ActiveCfg = Release|Any CPU
		{1608622D-577A-95C1-4293-02A9A7CDC7BD}.Release|Any CPU.Build.0 = Release|Any CPU
		{EAD8B791-B5AC-09D1-BF50-171B5EE9D0A1}.Debug|Any CPU.ActiveCfg = Debug|Any CPU
		{EAD8B791-B5AC-09D1-BF50-171B5EE9D0A1}.Debug|Any CPU.Build.0 = Debug|Any CPU
		{EAD8B791-B5AC-09D1-BF50-171B5EE9D0A1}.Release|Any CPU.ActiveCfg = Release|Any CPU
		{EAD8B791-B5AC-09D1-BF50-171B5EE9D0A1}.Release|Any CPU.Build.0 = Release|Any CPU
		{3559DFF2-8C83-D91B-DE5D-DC00EE58B359}.Debug|Any CPU.ActiveCfg = Debug|Any CPU
		{3559DFF2-8C83-D91B-DE5D-DC00EE58B359}.Debug|Any CPU.Build.0 = Debug|Any CPU
		{3559DFF2-8C83-D91B-DE5D-DC00EE58B359}.Release|Any CPU.ActiveCfg = Release|Any CPU
		{3559DFF2-8C83-D91B-DE5D-DC00EE58B359}.Release|Any CPU.Build.0 = Release|Any CPU
		{C00EA494-5FE2-6851-7266-76F5C32A994E}.Debug|Any CPU.ActiveCfg = Debug|Any CPU
		{C00EA494-5FE2-6851-7266-76F5C32A994E}.Debug|Any CPU.Build.0 = Debug|Any CPU
		{C00EA494-5FE2-6851-7266-76F5C32A994E}.Release|Any CPU.ActiveCfg = Release|Any CPU
		{C00EA494-5FE2-6851-7266-76F5C32A994E}.Release|Any CPU.Build.0 = Release|Any CPU
		{73E6924C-D16B-AA7B-3406-167B9BD5D528}.Debug|Any CPU.ActiveCfg = Debug|Any CPU
		{73E6924C-D16B-AA7B-3406-167B9BD5D528}.Debug|Any CPU.Build.0 = Debug|Any CPU
		{73E6924C-D16B-AA7B-3406-167B9BD5D528}.Release|Any CPU.ActiveCfg = Release|Any CPU
		{73E6924C-D16B-AA7B-3406-167B9BD5D528}.Release|Any CPU.Build.0 = Release|Any CPU
		{532758F7-443C-458F-9C29-73AED3A7E5EE}.Debug|Any CPU.ActiveCfg = Debug|Any CPU
		{532758F7-443C-458F-9C29-73AED3A7E5EE}.Debug|Any CPU.Build.0 = Debug|Any CPU
		{532758F7-443C-458F-9C29-73AED3A7E5EE}.Release|Any CPU.ActiveCfg = Release|Any CPU
		{532758F7-443C-458F-9C29-73AED3A7E5EE}.Release|Any CPU.Build.0 = Release|Any CPU
		{E351CC60-A435-30EE-80FA-42109BC32987}.Debug|Any CPU.ActiveCfg = Debug|Any CPU
		{E351CC60-A435-30EE-80FA-42109BC32987}.Debug|Any CPU.Build.0 = Debug|Any CPU
		{E351CC60-A435-30EE-80FA-42109BC32987}.Release|Any CPU.ActiveCfg = Release|Any CPU
		{E351CC60-A435-30EE-80FA-42109BC32987}.Release|Any CPU.Build.0 = Release|Any CPU
		{30591A1E-0F6B-6E26-7C61-4C07B0F2C30D}.Debug|Any CPU.ActiveCfg = Debug|Any CPU
		{30591A1E-0F6B-6E26-7C61-4C07B0F2C30D}.Debug|Any CPU.Build.0 = Debug|Any CPU
		{30591A1E-0F6B-6E26-7C61-4C07B0F2C30D}.Release|Any CPU.ActiveCfg = Release|Any CPU
		{30591A1E-0F6B-6E26-7C61-4C07B0F2C30D}.Release|Any CPU.Build.0 = Release|Any CPU
		{27045489-B708-8B7A-7CFB-00BBBCE57297}.Debug|Any CPU.ActiveCfg = Debug|Any CPU
		{27045489-B708-8B7A-7CFB-00BBBCE57297}.Debug|Any CPU.Build.0 = Debug|Any CPU
		{27045489-B708-8B7A-7CFB-00BBBCE57297}.Release|Any CPU.ActiveCfg = Release|Any CPU
		{27045489-B708-8B7A-7CFB-00BBBCE57297}.Release|Any CPU.Build.0 = Release|Any CPU
		{4D1A64C2-332C-D0D2-AC31-19C945A90C8F}.Debug|Any CPU.ActiveCfg = Debug|Any CPU
		{4D1A64C2-332C-D0D2-AC31-19C945A90C8F}.Debug|Any CPU.Build.0 = Debug|Any CPU
		{4D1A64C2-332C-D0D2-AC31-19C945A90C8F}.Release|Any CPU.ActiveCfg = Release|Any CPU
		{4D1A64C2-332C-D0D2-AC31-19C945A90C8F}.Release|Any CPU.Build.0 = Release|Any CPU
		{1EBE76DC-2A00-5AF1-19D4-291B74C65F0B}.Debug|Any CPU.ActiveCfg = Debug|Any CPU
		{1EBE76DC-2A00-5AF1-19D4-291B74C65F0B}.Debug|Any CPU.Build.0 = Debug|Any CPU
		{1EBE76DC-2A00-5AF1-19D4-291B74C65F0B}.Release|Any CPU.ActiveCfg = Release|Any CPU
		{1EBE76DC-2A00-5AF1-19D4-291B74C65F0B}.Release|Any CPU.Build.0 = Release|Any CPU
		{95D3272A-7D0A-EF43-AE89-6FED6586D73F}.Debug|Any CPU.ActiveCfg = Debug|Any CPU
		{95D3272A-7D0A-EF43-AE89-6FED6586D73F}.Debug|Any CPU.Build.0 = Debug|Any CPU
		{95D3272A-7D0A-EF43-AE89-6FED6586D73F}.Release|Any CPU.ActiveCfg = Release|Any CPU
		{95D3272A-7D0A-EF43-AE89-6FED6586D73F}.Release|Any CPU.Build.0 = Release|Any CPU
		{CA395DF7-39C7-7385-8CBA-38648D060074}.Debug|Any CPU.ActiveCfg = Debug|Any CPU
		{CA395DF7-39C7-7385-8CBA-38648D060074}.Debug|Any CPU.Build.0 = Debug|Any CPU
		{CA395DF7-39C7-7385-8CBA-38648D060074}.Release|Any CPU.ActiveCfg = Release|Any CPU
		{CA395DF7-39C7-7385-8CBA-38648D060074}.Release|Any CPU.Build.0 = Release|Any CPU
		{5D50A971-746D-56DE-F993-F54D11693D28}.Debug|Any CPU.ActiveCfg = Debug|Any CPU
		{5D50A971-746D-56DE-F993-F54D11693D28}.Debug|Any CPU.Build.0 = Debug|Any CPU
		{5D50A971-746D-56DE-F993-F54D11693D28}.Release|Any CPU.ActiveCfg = Release|Any CPU
		{5D50A971-746D-56DE-F993-F54D11693D28}.Release|Any CPU.Build.0 = Release|Any CPU
		{F1BE59FD-FEDD-5F0D-2DE0-297471C1E8F0}.Debug|Any CPU.ActiveCfg = Debug|Any CPU
		{F1BE59FD-FEDD-5F0D-2DE0-297471C1E8F0}.Debug|Any CPU.Build.0 = Debug|Any CPU
		{F1BE59FD-FEDD-5F0D-2DE0-297471C1E8F0}.Release|Any CPU.ActiveCfg = Release|Any CPU
		{F1BE59FD-FEDD-5F0D-2DE0-297471C1E8F0}.Release|Any CPU.Build.0 = Release|Any CPU
		{3D9DEC1C-81B2-6ACA-E9ED-A10381EE4253}.Debug|Any CPU.ActiveCfg = Debug|Any CPU
		{3D9DEC1C-81B2-6ACA-E9ED-A10381EE4253}.Debug|Any CPU.Build.0 = Debug|Any CPU
		{3D9DEC1C-81B2-6ACA-E9ED-A10381EE4253}.Release|Any CPU.ActiveCfg = Release|Any CPU
		{3D9DEC1C-81B2-6ACA-E9ED-A10381EE4253}.Release|Any CPU.Build.0 = Release|Any CPU
		{5929A32B-4123-6611-9DD1-F5C8313B7446}.Debug|Any CPU.ActiveCfg = Debug|Any CPU
		{5929A32B-4123-6611-9DD1-F5C8313B7446}.Debug|Any CPU.Build.0 = Debug|Any CPU
		{5929A32B-4123-6611-9DD1-F5C8313B7446}.Release|Any CPU.ActiveCfg = Release|Any CPU
		{5929A32B-4123-6611-9DD1-F5C8313B7446}.Release|Any CPU.Build.0 = Release|Any CPU
		{AB2B19FC-F221-7F18-E832-6E839CEF3FE9}.Debug|Any CPU.ActiveCfg = Debug|Any CPU
		{AB2B19FC-F221-7F18-E832-6E839CEF3FE9}.Debug|Any CPU.Build.0 = Debug|Any CPU
		{AB2B19FC-F221-7F18-E832-6E839CEF3FE9}.Release|Any CPU.ActiveCfg = Release|Any CPU
		{AB2B19FC-F221-7F18-E832-6E839CEF3FE9}.Release|Any CPU.Build.0 = Release|Any CPU
		{F03AEBBE-621B-F73B-0559-DC5556C800B7}.Debug|Any CPU.ActiveCfg = Debug|Any CPU
		{F03AEBBE-621B-F73B-0559-DC5556C800B7}.Debug|Any CPU.Build.0 = Debug|Any CPU
		{F03AEBBE-621B-F73B-0559-DC5556C800B7}.Release|Any CPU.ActiveCfg = Release|Any CPU
		{F03AEBBE-621B-F73B-0559-DC5556C800B7}.Release|Any CPU.Build.0 = Release|Any CPU
		{67F6567B-335D-C7D6-29AA-64F0E870807B}.Debug|Any CPU.ActiveCfg = Debug|Any CPU
		{67F6567B-335D-C7D6-29AA-64F0E870807B}.Debug|Any CPU.Build.0 = Debug|Any CPU
		{67F6567B-335D-C7D6-29AA-64F0E870807B}.Release|Any CPU.ActiveCfg = Release|Any CPU
		{67F6567B-335D-C7D6-29AA-64F0E870807B}.Release|Any CPU.Build.0 = Release|Any CPU
	EndGlobalSection
	GlobalSection(SolutionProperties) = preSolution
		HideSolutionNode = FALSE
	EndGlobalSection
EndGlobal
